// !$*UTF8*$!
{
	archiveVersion = 1;
	classes = {
	};
	objectVersion = 77;
	objects = {

/* Begin PBXBuildFile section */
		63C2D7F12D4BCDCB00783566 /* ComposableArchitecture in Frameworks */ = {isa = PBXBuildFile; productRef = 63C2D7F02D4BCDCB00783566 /* ComposableArchitecture */; };
/* End PBXBuildFile section */

/* Begin PBXContainerItemProxy section */
		63C2D7D32D4BCDA900783566 /* PBXContainerItemProxy */ = {
			isa = PBXContainerItemProxy;
			containerPortal = 63C2D7BA2D4BCDA700783566 /* Project object */;
			proxyType = 1;
			remoteGlobalIDString = 63C2D7C12D4BCDA700783566;
			remoteInfo = PerceptionBindableTest;
		};
		63C2D7DD2D4BCDA900783566 /* PBXContainerItemProxy */ = {
			isa = PBXContainerItemProxy;
			containerPortal = 63C2D7BA2D4BCDA700783566 /* Project object */;
			proxyType = 1;
			remoteGlobalIDString = 63C2D7C12D4BCDA700783566;
			remoteInfo = PerceptionBindableTest;
		};
/* End PBXContainerItemProxy section */

/* Begin PBXFileReference section */
		63C2D7C22D4BCDA700783566 /* PerceptionBindableTest.app */ = {isa = PBXFileReference; explicitFileType = wrapper.application; includeInIndex = 0; path = PerceptionBindableTest.app; sourceTree = BUILT_PRODUCTS_DIR; };
		63C2D7D22D4BCDA900783566 /* PerceptionBindableTestTests.xctest */ = {isa = PBXFileReference; explicitFileType = wrapper.cfbundle; includeInIndex = 0; path = PerceptionBindableTestTests.xctest; sourceTree = BUILT_PRODUCTS_DIR; };
		63C2D7DC2D4BCDA900783566 /* PerceptionBindableTestUITests.xctest */ = {isa = PBXFileReference; explicitFileType = wrapper.cfbundle; includeInIndex = 0; path = PerceptionBindableTestUITests.xctest; sourceTree = BUILT_PRODUCTS_DIR; };
/* End PBXFileReference section */

/* Begin PBXFileSystemSynchronizedRootGroup section */
		63C2D7C42D4BCDA700783566 /* PerceptionBindableTest */ = {
			isa = PBXFileSystemSynchronizedRootGroup;
			path = PerceptionBindableTest;
			sourceTree = "<group>";
		};
		63C2D7D52D4BCDA900783566 /* PerceptionBindableTestTests */ = {
			isa = PBXFileSystemSynchronizedRootGroup;
			path = PerceptionBindableTestTests;
			sourceTree = "<group>";
		};
		63C2D7DF2D4BCDA900783566 /* PerceptionBindableTestUITests */ = {
			isa = PBXFileSystemSynchronizedRootGroup;
			path = PerceptionBindableTestUITests;
			sourceTree = "<group>";
		};
/* End PBXFileSystemSynchronizedRootGroup section */

/* Begin PBXFrameworksBuildPhase section */
		63C2D7BF2D4BCDA700783566 /* Frameworks */ = {
			isa = PBXFrameworksBuildPhase;
			buildActionMask = 2147483647;
			files = (
				63C2D7F12D4BCDCB00783566 /* ComposableArchitecture in Frameworks */,
			);
			runOnlyForDeploymentPostprocessing = 0;
		};
		63C2D7CF2D4BCDA900783566 /* Frameworks */ = {
			isa = PBXFrameworksBuildPhase;
			buildActionMask = 2147483647;
			files = (
			);
			runOnlyForDeploymentPostprocessing = 0;
		};
		63C2D7D92D4BCDA900783566 /* Frameworks */ = {
			isa = PBXFrameworksBuildPhase;
			buildActionMask = 2147483647;
			files = (
			);
			runOnlyForDeploymentPostprocessing = 0;
		};
/* End PBXFrameworksBuildPhase section */

/* Begin PBXGroup section */
		63C2D7B92D4BCDA700783566 = {
			isa = PBXGroup;
			children = (
				63C2D7C42D4BCDA700783566 /* PerceptionBindableTest */,
				63C2D7D52D4BCDA900783566 /* PerceptionBindableTestTests */,
				63C2D7DF2D4BCDA900783566 /* PerceptionBindableTestUITests */,
				63C2D7C32D4BCDA700783566 /* Products */,
			);
			sourceTree = "<group>";
		};
		63C2D7C32D4BCDA700783566 /* Products */ = {
			isa = PBXGroup;
			children = (
				63C2D7C22D4BCDA700783566 /* PerceptionBindableTest.app */,
				63C2D7D22D4BCDA900783566 /* PerceptionBindableTestTests.xctest */,
				63C2D7DC2D4BCDA900783566 /* PerceptionBindableTestUITests.xctest */,
			);
			name = Products;
			sourceTree = "<group>";
		};
/* End PBXGroup section */

/* Begin PBXNativeTarget section */
		63C2D7C12D4BCDA700783566 /* PerceptionBindableTest */ = {
			isa = PBXNativeTarget;
			buildConfigurationList = 63C2D7E62D4BCDA900783566 /* Build configuration list for PBXNativeTarget "PerceptionBindableTest" */;
			buildPhases = (
				63C2D7BE2D4BCDA700783566 /* Sources */,
				63C2D7BF2D4BCDA700783566 /* Frameworks */,
				63C2D7C02D4BCDA700783566 /* Resources */,
			);
			buildRules = (
			);
			dependencies = (
			);
			fileSystemSynchronizedGroups = (
				63C2D7C42D4BCDA700783566 /* PerceptionBindableTest */,
			);
			name = PerceptionBindableTest;
			packageProductDependencies = (
				63C2D7F02D4BCDCB00783566 /* ComposableArchitecture */,
			);
			productName = PerceptionBindableTest;
			productReference = 63C2D7C22D4BCDA700783566 /* PerceptionBindableTest.app */;
			productType = "com.apple.product-type.application";
		};
		63C2D7D12D4BCDA900783566 /* PerceptionBindableTestTests */ = {
			isa = PBXNativeTarget;
			buildConfigurationList = 63C2D7E92D4BCDA900783566 /* Build configuration list for PBXNativeTarget "PerceptionBindableTestTests" */;
			buildPhases = (
				63C2D7CE2D4BCDA900783566 /* Sources */,
				63C2D7CF2D4BCDA900783566 /* Frameworks */,
				63C2D7D02D4BCDA900783566 /* Resources */,
			);
			buildRules = (
			);
			dependencies = (
				63C2D7D42D4BCDA900783566 /* PBXTargetDependency */,
			);
			fileSystemSynchronizedGroups = (
				63C2D7D52D4BCDA900783566 /* PerceptionBindableTestTests */,
			);
			name = PerceptionBindableTestTests;
			packageProductDependencies = (
			);
			productName = PerceptionBindableTestTests;
			productReference = 63C2D7D22D4BCDA900783566 /* PerceptionBindableTestTests.xctest */;
			productType = "com.apple.product-type.bundle.unit-test";
		};
		63C2D7DB2D4BCDA900783566 /* PerceptionBindableTestUITests */ = {
			isa = PBXNativeTarget;
			buildConfigurationList = 63C2D7EC2D4BCDA900783566 /* Build configuration list for PBXNativeTarget "PerceptionBindableTestUITests" */;
			buildPhases = (
				63C2D7D82D4BCDA900783566 /* Sources */,
				63C2D7D92D4BCDA900783566 /* Frameworks */,
				63C2D7DA2D4BCDA900783566 /* Resources */,
			);
			buildRules = (
			);
			dependencies = (
				63C2D7DE2D4BCDA900783566 /* PBXTargetDependency */,
			);
			fileSystemSynchronizedGroups = (
				63C2D7DF2D4BCDA900783566 /* PerceptionBindableTestUITests */,
			);
			name = PerceptionBindableTestUITests;
			packageProductDependencies = (
			);
			productName = PerceptionBindableTestUITests;
			productReference = 63C2D7DC2D4BCDA900783566 /* PerceptionBindableTestUITests.xctest */;
			productType = "com.apple.product-type.bundle.ui-testing";
		};
/* End PBXNativeTarget section */

/* Begin PBXProject section */
		63C2D7BA2D4BCDA700783566 /* Project object */ = {
			isa = PBXProject;
			attributes = {
				BuildIndependentTargetsInParallel = 1;
				LastSwiftUpdateCheck = 1600;
				LastUpgradeCheck = 1600;
				TargetAttributes = {
					63C2D7C12D4BCDA700783566 = {
						CreatedOnToolsVersion = 16.0;
					};
					63C2D7D12D4BCDA900783566 = {
						CreatedOnToolsVersion = 16.0;
						TestTargetID = 63C2D7C12D4BCDA700783566;
					};
					63C2D7DB2D4BCDA900783566 = {
						CreatedOnToolsVersion = 16.0;
						TestTargetID = 63C2D7C12D4BCDA700783566;
					};
				};
			};
			buildConfigurationList = 63C2D7BD2D4BCDA700783566 /* Build configuration list for PBXProject "PerceptionBindableTest" */;
			developmentRegion = en;
			hasScannedForEncodings = 0;
			knownRegions = (
				en,
				Base,
			);
			mainGroup = 63C2D7B92D4BCDA700783566;
			minimizedProjectReferenceProxies = 1;
			packageReferences = (
				63C2D7EF2D4BCDCB00783566 /* XCRemoteSwiftPackageReference "swift-composable-architecture" */,
			);
			preferredProjectObjectVersion = 77;
			productRefGroup = 63C2D7C32D4BCDA700783566 /* Products */;
			projectDirPath = "";
			projectRoot = "";
			targets = (
				63C2D7C12D4BCDA700783566 /* PerceptionBindableTest */,
				63C2D7D12D4BCDA900783566 /* PerceptionBindableTestTests */,
				63C2D7DB2D4BCDA900783566 /* PerceptionBindableTestUITests */,
			);
		};
/* End PBXProject section */

/* Begin PBXResourcesBuildPhase section */
		63C2D7C02D4BCDA700783566 /* Resources */ = {
			isa = PBXResourcesBuildPhase;
			buildActionMask = 2147483647;
			files = (
			);
			runOnlyForDeploymentPostprocessing = 0;
		};
		63C2D7D02D4BCDA900783566 /* Resources */ = {
			isa = PBXResourcesBuildPhase;
			buildActionMask = 2147483647;
			files = (
			);
			runOnlyForDeploymentPostprocessing = 0;
		};
		63C2D7DA2D4BCDA900783566 /* Resources */ = {
			isa = PBXResourcesBuildPhase;
			buildActionMask = 2147483647;
			files = (
			);
			runOnlyForDeploymentPostprocessing = 0;
		};
/* End PBXResourcesBuildPhase section */

/* Begin PBXSourcesBuildPhase section */
		63C2D7BE2D4BCDA700783566 /* Sources */ = {
			isa = PBXSourcesBuildPhase;
			buildActionMask = 2147483647;
			files = (
			);
			runOnlyForDeploymentPostprocessing = 0;
		};
		63C2D7CE2D4BCDA900783566 /* Sources */ = {
			isa = PBXSourcesBuildPhase;
			buildActionMask = 2147483647;
			files = (
			);
			runOnlyForDeploymentPostprocessing = 0;
		};
		63C2D7D82D4BCDA900783566 /* Sources */ = {
			isa = PBXSourcesBuildPhase;
			buildActionMask = 2147483647;
			files = (
			);
			runOnlyForDeploymentPostprocessing = 0;
		};
/* End PBXSourcesBuildPhase section */

/* Begin PBXTargetDependency section */
		63C2D7D42D4BCDA900783566 /* PBXTargetDependency */ = {
			isa = PBXTargetDependency;
			target = 63C2D7C12D4BCDA700783566 /* PerceptionBindableTest */;
			targetProxy = 63C2D7D32D4BCDA900783566 /* PBXContainerItemProxy */;
		};
		63C2D7DE2D4BCDA900783566 /* PBXTargetDependency */ = {
			isa = PBXTargetDependency;
			target = 63C2D7C12D4BCDA700783566 /* PerceptionBindableTest */;
			targetProxy = 63C2D7DD2D4BCDA900783566 /* PBXContainerItemProxy */;
		};
/* End PBXTargetDependency section */

/* Begin XCBuildConfiguration section */
		63C2D7E42D4BCDA900783566 /* Debug */ = {
			isa = XCBuildConfiguration;
			buildSettings = {
				ALWAYS_SEARCH_USER_PATHS = NO;
				ASSETCATALOG_COMPILER_GENERATE_SWIFT_ASSET_SYMBOL_EXTENSIONS = YES;
				CLANG_ANALYZER_NONNULL = YES;
				CLANG_ANALYZER_NUMBER_OBJECT_CONVERSION = YES_AGGRESSIVE;
				CLANG_CXX_LANGUAGE_STANDARD = "gnu++20";
				CLANG_ENABLE_MODULES = YES;
				CLANG_ENABLE_OBJC_ARC = YES;
				CLANG_ENABLE_OBJC_WEAK = YES;
				CLANG_WARN_BLOCK_CAPTURE_AUTORELEASING = YES;
				CLANG_WARN_BOOL_CONVERSION = YES;
				CLANG_WARN_COMMA = YES;
				CLANG_WARN_CONSTANT_CONVERSION = YES;
				CLANG_WARN_DEPRECATED_OBJC_IMPLEMENTATIONS = YES;
				CLANG_WARN_DIRECT_OBJC_ISA_USAGE = YES_ERROR;
				CLANG_WARN_DOCUMENTATION_COMMENTS = YES;
				CLANG_WARN_EMPTY_BODY = YES;
				CLANG_WARN_ENUM_CONVERSION = YES;
				CLANG_WARN_INFINITE_RECURSION = YES;
				CLANG_WARN_INT_CONVERSION = YES;
				CLANG_WARN_NON_LITERAL_NULL_CONVERSION = YES;
				CLANG_WARN_OBJC_IMPLICIT_RETAIN_SELF = YES;
				CLANG_WARN_OBJC_LITERAL_CONVERSION = YES;
				CLANG_WARN_OBJC_ROOT_CLASS = YES_ERROR;
				CLANG_WARN_QUOTED_INCLUDE_IN_FRAMEWORK_HEADER = YES;
				CLANG_WARN_RANGE_LOOP_ANALYSIS = YES;
				CLANG_WARN_STRICT_PROTOTYPES = YES;
				CLANG_WARN_SUSPICIOUS_MOVE = YES;
				CLANG_WARN_UNGUARDED_AVAILABILITY = YES_AGGRESSIVE;
				CLANG_WARN_UNREACHABLE_CODE = YES;
				CLANG_WARN__DUPLICATE_METHOD_MATCH = YES;
				COPY_PHASE_STRIP = NO;
				DEBUG_INFORMATION_FORMAT = dwarf;
				ENABLE_STRICT_OBJC_MSGSEND = YES;
				ENABLE_TESTABILITY = YES;
				ENABLE_USER_SCRIPT_SANDBOXING = YES;
				GCC_C_LANGUAGE_STANDARD = gnu17;
				GCC_DYNAMIC_NO_PIC = NO;
				GCC_NO_COMMON_BLOCKS = YES;
				GCC_OPTIMIZATION_LEVEL = 0;
				GCC_PREPROCESSOR_DEFINITIONS = (
					"DEBUG=1",
					"$(inherited)",
				);
				GCC_WARN_64_TO_32_BIT_CONVERSION = YES;
				GCC_WARN_ABOUT_RETURN_TYPE = YES_ERROR;
				GCC_WARN_UNDECLARED_SELECTOR = YES;
				GCC_WARN_UNINITIALIZED_AUTOS = YES_AGGRESSIVE;
				GCC_WARN_UNUSED_FUNCTION = YES;
				GCC_WARN_UNUSED_VARIABLE = YES;
				IPHONEOS_DEPLOYMENT_TARGET = 18.0;
				LOCALIZATION_PREFERS_STRING_CATALOGS = YES;
				MTL_ENABLE_DEBUG_INFO = INCLUDE_SOURCE;
				MTL_FAST_MATH = YES;
				ONLY_ACTIVE_ARCH = YES;
				SDKROOT = iphoneos;
				SWIFT_ACTIVE_COMPILATION_CONDITIONS = "DEBUG $(inherited)";
				SWIFT_OPTIMIZATION_LEVEL = "-Onone";
			};
			name = Debug;
		};
		63C2D7E52D4BCDA900783566 /* Release */ = {
			isa = XCBuildConfiguration;
			buildSettings = {
				ALWAYS_SEARCH_USER_PATHS = NO;
				ASSETCATALOG_COMPILER_GENERATE_SWIFT_ASSET_SYMBOL_EXTENSIONS = YES;
				CLANG_ANALYZER_NONNULL = YES;
				CLANG_ANALYZER_NUMBER_OBJECT_CONVERSION = YES_AGGRESSIVE;
				CLANG_CXX_LANGUAGE_STANDARD = "gnu++20";
				CLANG_ENABLE_MODULES = YES;
				CLANG_ENABLE_OBJC_ARC = YES;
				CLANG_ENABLE_OBJC_WEAK = YES;
				CLANG_WARN_BLOCK_CAPTURE_AUTORELEASING = YES;
				CLANG_WARN_BOOL_CONVERSION = YES;
				CLANG_WARN_COMMA = YES;
				CLANG_WARN_CONSTANT_CONVERSION = YES;
				CLANG_WARN_DEPRECATED_OBJC_IMPLEMENTATIONS = YES;
				CLANG_WARN_DIRECT_OBJC_ISA_USAGE = YES_ERROR;
				CLANG_WARN_DOCUMENTATION_COMMENTS = YES;
				CLANG_WARN_EMPTY_BODY = YES;
				CLANG_WARN_ENUM_CONVERSION = YES;
				CLANG_WARN_INFINITE_RECURSION = YES;
				CLANG_WARN_INT_CONVERSION = YES;
				CLANG_WARN_NON_LITERAL_NULL_CONVERSION = YES;
				CLANG_WARN_OBJC_IMPLICIT_RETAIN_SELF = YES;
				CLANG_WARN_OBJC_LITERAL_CONVERSION = YES;
				CLANG_WARN_OBJC_ROOT_CLASS = YES_ERROR;
				CLANG_WARN_QUOTED_INCLUDE_IN_FRAMEWORK_HEADER = YES;
				CLANG_WARN_RANGE_LOOP_ANALYSIS = YES;
				CLANG_WARN_STRICT_PROTOTYPES = YES;
				CLANG_WARN_SUSPICIOUS_MOVE = YES;
				CLANG_WARN_UNGUARDED_AVAILABILITY = YES_AGGRESSIVE;
				CLANG_WARN_UNREACHABLE_CODE = YES;
				CLANG_WARN__DUPLICATE_METHOD_MATCH = YES;
				COPY_PHASE_STRIP = NO;
				DEBUG_INFORMATION_FORMAT = "dwarf-with-dsym";
				ENABLE_NS_ASSERTIONS = NO;
				ENABLE_STRICT_OBJC_MSGSEND = YES;
				ENABLE_USER_SCRIPT_SANDBOXING = YES;
				GCC_C_LANGUAGE_STANDARD = gnu17;
				GCC_NO_COMMON_BLOCKS = YES;
				GCC_WARN_64_TO_32_BIT_CONVERSION = YES;
				GCC_WARN_ABOUT_RETURN_TYPE = YES_ERROR;
				GCC_WARN_UNDECLARED_SELECTOR = YES;
				GCC_WARN_UNINITIALIZED_AUTOS = YES_AGGRESSIVE;
				GCC_WARN_UNUSED_FUNCTION = YES;
				GCC_WARN_UNUSED_VARIABLE = YES;
				IPHONEOS_DEPLOYMENT_TARGET = 18.0;
				LOCALIZATION_PREFERS_STRING_CATALOGS = YES;
				MTL_ENABLE_DEBUG_INFO = NO;
				MTL_FAST_MATH = YES;
				SDKROOT = iphoneos;
				SWIFT_COMPILATION_MODE = wholemodule;
				VALIDATE_PRODUCT = YES;
			};
			name = Release;
		};
		63C2D7E72D4BCDA900783566 /* Debug */ = {
			isa = XCBuildConfiguration;
			buildSettings = {
				ASSETCATALOG_COMPILER_APPICON_NAME = AppIcon;
				ASSETCATALOG_COMPILER_GLOBAL_ACCENT_COLOR_NAME = AccentColor;
				CODE_SIGN_STYLE = Automatic;
				CURRENT_PROJECT_VERSION = 1;
				DEVELOPMENT_ASSET_PATHS = "\"PerceptionBindableTest/Preview Content\"";
				ENABLE_PREVIEWS = YES;
				GENERATE_INFOPLIST_FILE = YES;
				INFOPLIST_KEY_UIApplicationSceneManifest_Generation = YES;
				INFOPLIST_KEY_UIApplicationSupportsIndirectInputEvents = YES;
				INFOPLIST_KEY_UILaunchScreen_Generation = YES;
				INFOPLIST_KEY_UISupportedInterfaceOrientations_iPad = "UIInterfaceOrientationPortrait UIInterfaceOrientationPortraitUpsideDown UIInterfaceOrientationLandscapeLeft UIInterfaceOrientationLandscapeRight";
				INFOPLIST_KEY_UISupportedInterfaceOrientations_iPhone = "UIInterfaceOrientationPortrait UIInterfaceOrientationLandscapeLeft UIInterfaceOrientationLandscapeRight";
				IPHONEOS_DEPLOYMENT_TARGET = 16.6;
				LD_RUNPATH_SEARCH_PATHS = (
					"$(inherited)",
					"@executable_path/Frameworks",
				);
				MARKETING_VERSION = 1.0;
				PRODUCT_BUNDLE_IDENTIFIER = brwilliams.PerceptionBindableTest;
				PRODUCT_NAME = "$(TARGET_NAME)";
				SWIFT_EMIT_LOC_STRINGS = YES;
				SWIFT_VERSION = 5.0;
				TARGETED_DEVICE_FAMILY = "1,2";
			};
			name = Debug;
		};
		63C2D7E82D4BCDA900783566 /* Release */ = {
			isa = XCBuildConfiguration;
			buildSettings = {
				ASSETCATALOG_COMPILER_APPICON_NAME = AppIcon;
				ASSETCATALOG_COMPILER_GLOBAL_ACCENT_COLOR_NAME = AccentColor;
				CODE_SIGN_STYLE = Automatic;
				CURRENT_PROJECT_VERSION = 1;
				DEVELOPMENT_ASSET_PATHS = "\"PerceptionBindableTest/Preview Content\"";
				ENABLE_PREVIEWS = YES;
				GENERATE_INFOPLIST_FILE = YES;
				INFOPLIST_KEY_UIApplicationSceneManifest_Generation = YES;
				INFOPLIST_KEY_UIApplicationSupportsIndirectInputEvents = YES;
				INFOPLIST_KEY_UILaunchScreen_Generation = YES;
				INFOPLIST_KEY_UISupportedInterfaceOrientations_iPad = "UIInterfaceOrientationPortrait UIInterfaceOrientationPortraitUpsideDown UIInterfaceOrientationLandscapeLeft UIInterfaceOrientationLandscapeRight";
				INFOPLIST_KEY_UISupportedInterfaceOrientations_iPhone = "UIInterfaceOrientationPortrait UIInterfaceOrientationLandscapeLeft UIInterfaceOrientationLandscapeRight";
				IPHONEOS_DEPLOYMENT_TARGET = 16.6;
				LD_RUNPATH_SEARCH_PATHS = (
					"$(inherited)",
					"@executable_path/Frameworks",
				);
				MARKETING_VERSION = 1.0;
				PRODUCT_BUNDLE_IDENTIFIER = brwilliams.PerceptionBindableTest;
				PRODUCT_NAME = "$(TARGET_NAME)";
				SWIFT_EMIT_LOC_STRINGS = YES;
				SWIFT_VERSION = 5.0;
				TARGETED_DEVICE_FAMILY = "1,2";
			};
			name = Release;
		};
		63C2D7EA2D4BCDA900783566 /* Debug */ = {
			isa = XCBuildConfiguration;
			buildSettings = {
				BUNDLE_LOADER = "$(TEST_HOST)";
				CODE_SIGN_STYLE = Automatic;
				CURRENT_PROJECT_VERSION = 1;
				GENERATE_INFOPLIST_FILE = YES;
				IPHONEOS_DEPLOYMENT_TARGET = 18.0;
				MARKETING_VERSION = 1.0;
				PRODUCT_BUNDLE_IDENTIFIER = brwilliams.PerceptionBindableTestTests;
				PRODUCT_NAME = "$(TARGET_NAME)";
				SWIFT_EMIT_LOC_STRINGS = NO;
				SWIFT_VERSION = 5.0;
				TARGETED_DEVICE_FAMILY = "1,2";
				TEST_HOST = "$(BUILT_PRODUCTS_DIR)/PerceptionBindableTest.app/$(BUNDLE_EXECUTABLE_FOLDER_PATH)/PerceptionBindableTest";
			};
			name = Debug;
		};
		63C2D7EB2D4BCDA900783566 /* Release */ = {
			isa = XCBuildConfiguration;
			buildSettings = {
				BUNDLE_LOADER = "$(TEST_HOST)";
				CODE_SIGN_STYLE = Automatic;
				CURRENT_PROJECT_VERSION = 1;
				GENERATE_INFOPLIST_FILE = YES;
				IPHONEOS_DEPLOYMENT_TARGET = 18.0;
				MARKETING_VERSION = 1.0;
				PRODUCT_BUNDLE_IDENTIFIER = brwilliams.PerceptionBindableTestTests;
				PRODUCT_NAME = "$(TARGET_NAME)";
				SWIFT_EMIT_LOC_STRINGS = NO;
				SWIFT_VERSION = 5.0;
				TARGETED_DEVICE_FAMILY = "1,2";
				TEST_HOST = "$(BUILT_PRODUCTS_DIR)/PerceptionBindableTest.app/$(BUNDLE_EXECUTABLE_FOLDER_PATH)/PerceptionBindableTest";
			};
			name = Release;
		};
		63C2D7ED2D4BCDA900783566 /* Debug */ = {
			isa = XCBuildConfiguration;
			buildSettings = {
				CODE_SIGN_STYLE = Automatic;
				CURRENT_PROJECT_VERSION = 1;
				GENERATE_INFOPLIST_FILE = YES;
				MARKETING_VERSION = 1.0;
				PRODUCT_BUNDLE_IDENTIFIER = brwilliams.PerceptionBindableTestUITests;
				PRODUCT_NAME = "$(TARGET_NAME)";
				SWIFT_EMIT_LOC_STRINGS = NO;
				SWIFT_VERSION = 5.0;
				TARGETED_DEVICE_FAMILY = "1,2";
				TEST_TARGET_NAME = PerceptionBindableTest;
			};
			name = Debug;
		};
		63C2D7EE2D4BCDA900783566 /* Release */ = {
			isa = XCBuildConfiguration;
			buildSettings = {
				CODE_SIGN_STYLE = Automatic;
				CURRENT_PROJECT_VERSION = 1;
				GENERATE_INFOPLIST_FILE = YES;
				MARKETING_VERSION = 1.0;
				PRODUCT_BUNDLE_IDENTIFIER = brwilliams.PerceptionBindableTestUITests;
				PRODUCT_NAME = "$(TARGET_NAME)";
				SWIFT_EMIT_LOC_STRINGS = NO;
				SWIFT_VERSION = 5.0;
				TARGETED_DEVICE_FAMILY = "1,2";
				TEST_TARGET_NAME = PerceptionBindableTest;
			};
			name = Release;
		};
/* End XCBuildConfiguration section */

/* Begin XCConfigurationList section */
		63C2D7BD2D4BCDA700783566 /* Build configuration list for PBXProject "PerceptionBindableTest" */ = {
			isa = XCConfigurationList;
			buildConfigurations = (
				63C2D7E42D4BCDA900783566 /* Debug */,
				63C2D7E52D4BCDA900783566 /* Release */,
			);
			defaultConfigurationIsVisible = 0;
			defaultConfigurationName = Release;
		};
		63C2D7E62D4BCDA900783566 /* Build configuration list for PBXNativeTarget "PerceptionBindableTest" */ = {
			isa = XCConfigurationList;
			buildConfigurations = (
				63C2D7E72D4BCDA900783566 /* Debug */,
				63C2D7E82D4BCDA900783566 /* Release */,
			);
			defaultConfigurationIsVisible = 0;
			defaultConfigurationName = Release;
		};
		63C2D7E92D4BCDA900783566 /* Build configuration list for PBXNativeTarget "PerceptionBindableTestTests" */ = {
			isa = XCConfigurationList;
			buildConfigurations = (
				63C2D7EA2D4BCDA900783566 /* Debug */,
				63C2D7EB2D4BCDA900783566 /* Release */,
			);
			defaultConfigurationIsVisible = 0;
			defaultConfigurationName = Release;
		};
		63C2D7EC2D4BCDA900783566 /* Build configuration list for PBXNativeTarget "PerceptionBindableTestUITests" */ = {
			isa = XCConfigurationList;
			buildConfigurations = (
				63C2D7ED2D4BCDA900783566 /* Debug */,
				63C2D7EE2D4BCDA900783566 /* Release */,
			);
			defaultConfigurationIsVisible = 0;
			defaultConfigurationName = Release;
		};
/* End XCConfigurationList section */

/* Begin XCRemoteSwiftPackageReference section */
		63C2D7EF2D4BCDCB00783566 /* XCRemoteSwiftPackageReference "swift-composable-architecture" */ = {
			isa = XCRemoteSwiftPackageReference;
			repositoryURL = "https://github.com/pointfreeco/swift-composable-architecture.git";
			requirement = {
				kind = upToNextMajorVersion;
				minimumVersion = 1.17.1;
			};
		};
/* End XCRemoteSwiftPackageReference section */

/* Begin XCSwiftPackageProductDependency section */
		63C2D7F02D4BCDCB00783566 /* ComposableArchitecture */ = {
			isa = XCSwiftPackageProductDependency;
			package = 63C2D7EF2D4BCDCB00783566 /* XCRemoteSwiftPackageReference "swift-composable-architecture" */;
			productName = ComposableArchitecture;
		};
/* End XCSwiftPackageProductDependency section */
	};
	rootObject = 63C2D7BA2D4BCDA700783566 /* Project object */;
}
